
Microsoft Visual Studio Solution File, Format Version 12.00
# Visual Studio Version 16
VisualStudioVersion = 16.0.29102.190
MinimumVisualStudioVersion = 10.0.40219.1
Project("{FAE04EC0-301F-11D3-BF4B-00C04F79EFBC}") = "binaryTreeWithGraphviz", "binaryTreeWithGraphviz.csproj", "{97739EC1-BFDF-4F68-8C1B-690A8334AE8F}"
EndProject
Global
	GlobalSection(SolutionConfigurationPlatforms) = preSolution
		Debug|Any CPU = Debug|Any CPU
		Release|Any CPU = Release|Any CPU
	EndGlobalSection
	GlobalSection(ProjectConfigurationPlatforms) = postSolution
		{97739EC1-BFDF-4F68-8C1B-690A8334AE8F}.Debug|Any CPU.ActiveCfg = Debug|Any CPU
		{97739EC1-BFDF-4F68-8C1B-690A8334AE8F}.Debug|Any CPU.Build.0 = Debug|Any CPU
		{97739EC1-BFDF-4F68-8C1B-690A8334AE8F}.Release|Any CPU.ActiveCfg = Release|Any CPU
		{97739EC1-BFDF-4F68-8C1B-690A8334AE8F}.Release|Any CPU.Build.0 = Release|Any CPU
	EndGlobalSection
	GlobalSection(SolutionProperties) = preSolution
		HideSolutionNode = FALSE
	EndGlobalSection
	GlobalSection(ExtensibilityGlobals) = postSolution
		SolutionGuid = {95729349-DAF1-4A47-ABE1-42B652E720A3}
	EndGlobalSection
EndGlobal
